# DO NOT EDIT MANUALLY - Managed by Fern Replay
version: "1.0"
generations:
  - commit_sha: 0e9393391cfff4bde9540d93a6a61a3ec7d5c0de
    tree_hash: 4dfe58c594bcd49ab1483c301f50f88bf25747d3
    timestamp: 2026-06-29T16:11:05.291Z
    cli_version: unknown
    generator_versions: {}
current_generation: 0e9393391cfff4bde9540d93a6a61a3ec7d5c0de
patches: []
