# DO NOT EDIT MANUALLY - Managed by Fern Replay
version: "1.0"
generations:
  - commit_sha: 0e9393391cfff4bde9540d93a6a61a3ec7d5c0de
    tree_hash: 4dfe58c594bcd49ab1483c301f50f88bf25747d3
    timestamp: 2026-06-29T16:11:05.291Z
    cli_version: unknown
    generator_versions: {}
  - commit_sha: b7b04cda83c6bbd050129f63b45c467ff7629e4d
    tree_hash: 482cdbcbb95a1b815b2c839826c4dd07fa9a4f73
    timestamp: 2026-07-13T09:04:31.473Z
    cli_version: unknown
    generator_versions:
      fernapi/fern-typescript-sdk: 3.80.1
  - commit_sha: 6ff6d3f9b70549304993f8b797f0bb54ff8d22d6
    tree_hash: c843b524a2142c8e13e63c5c3476e1f50e423c91
    timestamp: 2026-07-19T15:26:12.664Z
    cli_version: unknown
    generator_versions:
      fernapi/fern-typescript-sdk: 3.82.2
  - commit_sha: 007c24701bc8e01c17705c736a6f69d472827db6
    tree_hash: afab12df033855a0ebdbc2f7f1ac9b12e990b8e5
    timestamp: 2026-07-22T07:06:09.322Z
    cli_version: unknown
    generator_versions:
      fernapi/fern-typescript-sdk: 3.82.2
  - commit_sha: 406b71e07bdb5fcf572b938cb4e3aa598ddc47ff
    tree_hash: f488513a5d39bef6a3491d9a1dc1b61370e75217
    timestamp: 2026-07-22T13:48:55.084Z
    cli_version: unknown
    generator_versions:
      fernapi/fern-typescript-sdk: 3.82.2
current_generation: 406b71e07bdb5fcf572b938cb4e3aa598ddc47ff
patches: []
